
Microsoft Visual Studio Solution File, Format Version 12.00
# Visual Studio Version 17
VisualStudioVersion = 17.10.35122.118
MinimumVisualStudioVersion = 10.0.40219.1
Project("{FAE04EC0-301F-11D3-BF4B-00C04F79EFBC}") = "EmpresaDeTransporte", "EmpresaDeTransporte.csproj", "{AD08B978-0A0D-44DD-8A11-0DC1B899AA58}"
EndProject
Global
	GlobalSection(SolutionConfigurationPlatforms) = preSolution
		Debug|Any CPU = Debug|Any CPU
		Release|Any CPU = Release|Any CPU
	EndGlobalSection
	GlobalSection(ProjectConfigurationPlatforms) = postSolution
		{AD08B978-0A0D-44DD-8A11-0DC1B899AA58}.Debug|Any CPU.ActiveCfg = Debug|Any CPU
		{AD08B978-0A0D-44DD-8A11-0DC1B899AA58}.Debug|Any CPU.Build.0 = Debug|Any CPU
		{AD08B978-0A0D-44DD-8A11-0DC1B899AA58}.Release|Any CPU.ActiveCfg = Release|Any CPU
		{AD08B978-0A0D-44DD-8A11-0DC1B899AA58}.Release|Any CPU.Build.0 = Release|Any CPU
	EndGlobalSection
	GlobalSection(SolutionProperties) = preSolution
		HideSolutionNode = FALSE
	EndGlobalSection
	GlobalSection(ExtensibilityGlobals) = postSolution
		SolutionGuid = {A2E9120F-F2D3-4105-A678-184F524692B9}
	EndGlobalSection
EndGlobal
